lockfileVersion: 5.4

specifiers:
  dotenv: ^17.1.0
  exceljs: ^4.4.0
  express: ^4.18.2
  express-fileupload: ^1.4.0
  openai: ^5.8.3

dependencies:
  dotenv: 17.1.0
  exceljs: 4.4.0
  express: 4.18.2
  express-fileupload: 1.4.0
  openai: 5.8.3

packages:
  dotenv@17.1.0:
    resolution: { integrity: sha512-LCUXShYpSY7r6uv4V7G0ug5GLzcrqXHH0JPZzF0OQvCrTwBFi2JYdOY98XKhQ1RY25dc2nCXN2EtqOljwh9FJg== }
    engines: { node: '>=6.0.0' }

  exceljs@4.4.0:
    resolution: { integrity: sha512-v3S/BlAojCNubRZYabP66lv1UehyZnMRtD8uKWTI/EBz8pE+0Hc7yEORzXhF4v0lXY3Ed6+QZt27BaWsqTfPjw== }

  express@4.18.2:
    resolution: { integrity: sha512-a6jZst3bS3bAwX+G8c+PHcCQ+dsWBPC0P3t5JQGBtd5L9f3xg1mUlzY2IqFQ3xxHDYoIGAxILylTu7xyUgSpfA== }

  express-fileupload@1.4.0:
    resolution: { integrity: sha512-vrtyoPYNYAAkGGCuVknBQ+6zUlmopYfMV2rhuTSbHvc6ACSo9iZxGn2MLpxlZ05aYz6SLIuK/5r4h6y41Erxcw== }

  openai@5.8.3:
    resolution: { integrity: sha512-0rkAT0LLAKVj2/4W9PHOYBqLbVpmKH5SvI+EvMGSmE6ZCvC1SRdclzN/4m07R+OYoRM5CAcbBzxy6mOG1bMK6Q== }
